// !$*UTF8*$!
{
	archiveVersion = 1;
	classes = {
	};
	objectVersion = 56;
	objects = {

/* Begin PBXBuildFile section */
		A04AF06E2D6D260500E76721 /* FilmlogApp.swift in Sources */ = {isa = PBXBuildFile; fileRef = A04AF06D2D6D260500E76721 /* FilmlogApp.swift */; };
		A04AF0722D6D260700E76721 /* Assets.xcassets in Resources */ = {isa = PBXBuildFile; fileRef = A04AF0712D6D260700E76721 /* Assets.xcassets */; };
		A04AF0752D6D260700E76721 /* Preview Assets.xcassets in Resources */ = {isa = PBXBuildFile; fileRef = A04AF0742D6D260700E76721 /* Preview Assets.xcassets */; };
		A04AF07F2D6D260700E76721 /* FilmlogTests.swift in Sources */ = {isa = PBXBuildFile; fileRef = A04AF07E2D6D260700E76721 /* FilmlogTests.swift */; };
		A04AF0892D6D260700E76721 /* FilmlogUITests.swift in Sources */ = {isa = PBXBuildFile; fileRef = A04AF0882D6D260700E76721 /* FilmlogUITests.swift */; };
		A04AF08B2D6D260700E76721 /* FilmlogUITestsLaunchTests.swift in Sources */ = {isa = PBXBuildFile; fileRef = A04AF08A2D6D260700E76721 /* FilmlogUITestsLaunchTests.swift */; };
		A04AF0982D6D2BF200E76721 /* HomeView.swift in Sources */ = {isa = PBXBuildFile; fileRef = A04AF0972D6D2BF200E76721 /* HomeView.swift */; };
		A04AF09A2D6D2D4100E76721 /* TrackerView.swift in Sources */ = {isa = PBXBuildFile; fileRef = A04AF0992D6D2D4100E76721 /* TrackerView.swift */; };
/* End PBXBuildFile section */

/* Begin PBXContainerItemProxy section */
		A04AF07B2D6D260700E76721 /* PBXContainerItemProxy */ = {
			isa = PBXContainerItemProxy;
			containerPortal = A04AF0622D6D260500E76721 /* Project object */;
			proxyType = 1;
			remoteGlobalIDString = A04AF0692D6D260500E76721;
			remoteInfo = Filmlog;
		};
		A04AF0852D6D260700E76721 /* PBXContainerItemProxy */ = {
			isa = PBXContainerItemProxy;
			containerPortal = A04AF0622D6D260500E76721 /* Project object */;
			proxyType = 1;
			remoteGlobalIDString = A04AF0692D6D260500E76721;
			remoteInfo = Filmlog;
		};
/* End PBXContainerItemProxy section */

/* Begin PBXFileReference section */
		A04AF06A2D6D260500E76721 /* Filmlog.app */ = {isa = PBXFileReference; explicitFileType = wrapper.application; includeInIndex = 0; path = Filmlog.app; sourceTree = BUILT_PRODUCTS_DIR; };
		A04AF06D2D6D260500E76721 /* FilmlogApp.swift */ = {isa = PBXFileReference; lastKnownFileType = sourcecode.swift; path = FilmlogApp.swift; sourceTree = "<group>"; };
		A04AF0712D6D260700E76721 /* Assets.xcassets */ = {isa = PBXFileReference; lastKnownFileType = folder.assetcatalog; path = Assets.xcassets; sourceTree = "<group>"; };
		A04AF0742D6D260700E76721 /* Preview Assets.xcassets */ = {isa = PBXFileReference; lastKnownFileType = folder.assetcatalog; path = "Preview Assets.xcassets"; sourceTree = "<group>"; };
		A04AF07A2D6D260700E76721 /* FilmlogTests.xctest */ = {isa = PBXFileReference; explicitFileType = wrapper.cfbundle; includeInIndex = 0; path = FilmlogTests.xctest; sourceTree = BUILT_PRODUCTS_DIR; };
		A04AF07E2D6D260700E76721 /* FilmlogTests.swift */ = {isa = PBXFileReference; lastKnownFileType = sourcecode.swift; path = FilmlogTests.swift; sourceTree = "<group>"; };
		A04AF0842D6D260700E76721 /* FilmlogUITests.xctest */ = {isa = PBXFileReference; explicitFileType = wrapper.cfbundle; includeInIndex = 0; path = FilmlogUITests.xctest; sourceTree = BUILT_PRODUCTS_DIR; };
		A04AF0882D6D260700E76721 /* FilmlogUITests.swift */ = {isa = PBXFileReference; lastKnownFileType = sourcecode.swift; path = FilmlogUITests.swift; sourceTree = "<group>"; };
		A04AF08A2D6D260700E76721 /* FilmlogUITestsLaunchTests.swift */ = {isa = PBXFileReference; lastKnownFileType = sourcecode.swift; path = FilmlogUITestsLaunchTests.swift; sourceTree = "<group>"; };
		A04AF0972D6D2BF200E76721 /* HomeView.swift */ = {isa = PBXFileReference; lastKnownFileType = sourcecode.swift; path = HomeView.swift; sourceTree = "<group>"; };
		A04AF0992D6D2D4100E76721 /* TrackerView.swift */ = {isa = PBXFileReference; lastKnownFileType = sourcecode.swift; path = TrackerView.swift; sourceTree = "<group>"; };
/* End PBXFileReference section */

/* Begin PBXFrameworksBuildPhase section */
		A04AF0672D6D260500E76721 /* Frameworks */ = {
			isa = PBXFrameworksBuildPhase;
			buildActionMask = 2147483647;
			files = (
			);
			runOnlyForDeploymentPostprocessing = 0;
		};
		A04AF0772D6D260700E76721 /* Frameworks */ = {
			isa = PBXFrameworksBuildPhase;
			buildActionMask = 2147483647;
			files = (
			);
			runOnlyForDeploymentPostprocessing = 0;
		};
		A04AF0812D6D260700E76721 /* Frameworks */ = {
			isa = PBXFrameworksBuildPhase;
			buildActionMask = 2147483647;
			files = (
			);
			runOnlyForDeploymentPostprocessing = 0;
		};
/* End PBXFrameworksBuildPhase section */

/* Begin PBXGroup section */
		A04AF0612D6D260500E76721 = {
			isa = PBXGroup;
			children = (
				A04AF06C2D6D260500E76721 /* Filmlog */,
				A04AF07D2D6D260700E76721 /* FilmlogTests */,
				A04AF0872D6D260700E76721 /* FilmlogUITests */,
				A04AF06B2D6D260500E76721 /* Products */,
			);
			sourceTree = "<group>";
		};
		A04AF06B2D6D260500E76721 /* Products */ = {
			isa = PBXGroup;
			children = (
				A04AF06A2D6D260500E76721 /* Filmlog.app */,
				A04AF07A2D6D260700E76721 /* FilmlogTests.xctest */,
				A04AF0842D6D260700E76721 /* FilmlogUITests.xctest */,
			);
			name = Products;
			sourceTree = "<group>";
		};
		A04AF06C2D6D260500E76721 /* Filmlog */ = {
			isa = PBXGroup;
			children = (
				A04AF06D2D6D260500E76721 /* FilmlogApp.swift */,
				A04AF0992D6D2D4100E76721 /* TrackerView.swift */,
				A04AF0972D6D2BF200E76721 /* HomeView.swift */,
				A04AF0712D6D260700E76721 /* Assets.xcassets */,
				A04AF0732D6D260700E76721 /* Preview Content */,
			);
			path = Filmlog;
			sourceTree = "<group>";
		};
		A04AF0732D6D260700E76721 /* Preview Content */ = {
			isa = PBXGroup;
			children = (
				A04AF0742D6D260700E76721 /* Preview Assets.xcassets */,
			);
			path = "Preview Content";
			sourceTree = "<group>";
		};
		A04AF07D2D6D260700E76721 /* FilmlogTests */ = {
			isa = PBXGroup;
			children = (
				A04AF07E2D6D260700E76721 /* FilmlogTests.swift */,
			);
			path = FilmlogTests;
			sourceTree = "<group>";
		};
		A04AF0872D6D260700E76721 /* FilmlogUITests */ = {
			isa = PBXGroup;
			children = (
				A04AF0882D6D260700E76721 /* FilmlogUITests.swift */,
				A04AF08A2D6D260700E76721 /* FilmlogUITestsLaunchTests.swift */,
			);
			path = FilmlogUITests;
			sourceTree = "<group>";
		};
/* End PBXGroup section */

/* Begin PBXNativeTarget section */
		A04AF0692D6D260500E76721 /* Filmlog */ = {
			isa = PBXNativeTarget;
			buildConfigurationList = A04AF08E2D6D260700E76721 /* Build configuration list for PBXNativeTarget "Filmlog" */;
			buildPhases = (
				A04AF0662D6D260500E76721 /* Sources */,
				A04AF0672D6D260500E76721 /* Frameworks */,
				A04AF0682D6D260500E76721 /* Resources */,
			);
			buildRules = (
			);
			dependencies = (
			);
			name = Filmlog;
			productName = Filmlog;
			productReference = A04AF06A2D6D260500E76721 /* Filmlog.app */;
			productType = "com.apple.product-type.application";
		};
		A04AF0792D6D260700E76721 /* FilmlogTests */ = {
			isa = PBXNativeTarget;
			buildConfigurationList = A04AF0912D6D260700E76721 /* Build configuration list for PBXNativeTarget "FilmlogTests" */;
			buildPhases = (
				A04AF0762D6D260700E76721 /* Sources */,
				A04AF0772D6D260700E76721 /* Frameworks */,
				A04AF0782D6D260700E76721 /* Resources */,
			);
			buildRules = (
			);
			dependencies = (
				A04AF07C2D6D260700E76721 /* PBXTargetDependency */,
			);
			name = FilmlogTests;
			productName = FilmlogTests;
			productReference = A04AF07A2D6D260700E76721 /* FilmlogTests.xctest */;
			productType = "com.apple.product-type.bundle.unit-test";
		};
		A04AF0832D6D260700E76721 /* FilmlogUITests */ = {
			isa = PBXNativeTarget;
			buildConfigurationList = A04AF0942D6D260700E76721 /* Build configuration list for PBXNativeTarget "FilmlogUITests" */;
			buildPhases = (
				A04AF0802D6D260700E76721 /* Sources */,
				A04AF0812D6D260700E76721 /* Frameworks */,
				A04AF0822D6D260700E76721 /* Resources */,
			);
			buildRules = (
			);
			dependencies = (
				A04AF0862D6D260700E76721 /* PBXTargetDependency */,
			);
			name = FilmlogUITests;
			productName = FilmlogUITests;
			productReference = A04AF0842D6D260700E76721 /* FilmlogUITests.xctest */;
			productType = "com.apple.product-type.bundle.ui-testing";
		};
/* End PBXNativeTarget section */

/* Begin PBXProject section */
		A04AF0622D6D260500E76721 /* Project object */ = {
			isa = PBXProject;
			attributes = {
				BuildIndependentTargetsInParallel = 1;
				LastSwiftUpdateCheck = 1540;
				LastUpgradeCheck = 1540;
				TargetAttributes = {
					A04AF0692D6D260500E76721 = {
						CreatedOnToolsVersion = 15.4;
					};
					A04AF0792D6D260700E76721 = {
						CreatedOnToolsVersion = 15.4;
						TestTargetID = A04AF0692D6D260500E76721;
					};
					A04AF0832D6D260700E76721 = {
						CreatedOnToolsVersion = 15.4;
						TestTargetID = A04AF0692D6D260500E76721;
					};
				};
			};
			buildConfigurationList = A04AF0652D6D260500E76721 /* Build configuration list for PBXProject "Filmlog" */;
			compatibilityVersion = "Xcode 14.0";
			developmentRegion = en;
			hasScannedForEncodings = 0;
			knownRegions = (
				en,
				Base,
			);
			mainGroup = A04AF0612D6D260500E76721;
			productRefGroup = A04AF06B2D6D260500E76721 /* Products */;
			projectDirPath = "";
			projectRoot = "";
			targets = (
				A04AF0692D6D260500E76721 /* Filmlog */,
				A04AF0792D6D260700E76721 /* FilmlogTests */,
				A04AF0832D6D260700E76721 /* FilmlogUITests */,
			);
		};
/* End PBXProject section */

/* Begin PBXResourcesBuildPhase section */
		A04AF0682D6D260500E76721 /* Resources */ = {
			isa = PBXResourcesBuildPhase;
			buildActionMask = 2147483647;
			files = (
				A04AF0752D6D260700E76721 /* Preview Assets.xcassets in Resources */,
				A04AF0722D6D260700E76721 /* Assets.xcassets in Resources */,
			);
			runOnlyForDeploymentPostprocessing = 0;
		};
		A04AF0782D6D260700E76721 /* Resources */ = {
			isa = PBXResourcesBuildPhase;
			buildActionMask = 2147483647;
			files = (
			);
			runOnlyForDeploymentPostprocessing = 0;
		};
		A04AF0822D6D260700E76721 /* Resources */ = {
			isa = PBXResourcesBuildPhase;
			buildActionMask = 2147483647;
			files = (
			);
			runOnlyForDeploymentPostprocessing = 0;
		};
/* End PBXResourcesBuildPhase section */

/* Begin PBXSourcesBuildPhase section */
		A04AF0662D6D260500E76721 /* Sources */ = {
			isa = PBXSourcesBuildPhase;
			buildActionMask = 2147483647;
			files = (
				A04AF0982D6D2BF200E76721 /* HomeView.swift in Sources */,
				A04AF06E2D6D260500E76721 /* FilmlogApp.swift in Sources */,
				A04AF09A2D6D2D4100E76721 /* TrackerView.swift in Sources */,
			);
			runOnlyForDeploymentPostprocessing = 0;
		};
		A04AF0762D6D260700E76721 /* Sources */ = {
			isa = PBXSourcesBuildPhase;
			buildActionMask = 2147483647;
			files = (
				A04AF07F2D6D260700E76721 /* FilmlogTests.swift in Sources */,
			);
			runOnlyForDeploymentPostprocessing = 0;
		};
		A04AF0802D6D260700E76721 /* Sources */ = {
			isa = PBXSourcesBuildPhase;
			buildActionMask = 2147483647;
			files = (
				A04AF0892D6D260700E76721 /* FilmlogUITests.swift in Sources */,
				A04AF08B2D6D260700E76721 /* FilmlogUITestsLaunchTests.swift in Sources */,
			);
			runOnlyForDeploymentPostprocessing = 0;
		};
/* End PBXSourcesBuildPhase section */

/* Begin PBXTargetDependency section */
		A04AF07C2D6D260700E76721 /* PBXTargetDependency */ = {
			isa = PBXTargetDependency;
			target = A04AF0692D6D260500E76721 /* Filmlog */;
			targetProxy = A04AF07B2D6D260700E76721 /* PBXContainerItemProxy */;
		};
		A04AF0862D6D260700E76721 /* PBXTargetDependency */ = {
			isa = PBXTargetDependency;
			target = A04AF0692D6D260500E76721 /* Filmlog */;
			targetProxy = A04AF0852D6D260700E76721 /* PBXContainerItemProxy */;
		};
/* End PBXTargetDependency section */

/* Begin XCBuildConfiguration section */
		A04AF08C2D6D260700E76721 /* Debug */ = {
			isa = XCBuildConfiguration;
			buildSettings = {
				ALWAYS_SEARCH_USER_PATHS = NO;
				ASSETCATALOG_COMPILER_GENERATE_SWIFT_ASSET_SYMBOL_EXTENSIONS = YES;
				CLANG_ANALYZER_NONNULL = YES;
				CLANG_ANALYZER_NUMBER_OBJECT_CONVERSION = YES_AGGRESSIVE;
				CLANG_CXX_LANGUAGE_STANDARD = "gnu++20";
				CLANG_ENABLE_MODULES = YES;
				CLANG_ENABLE_OBJC_ARC = YES;
				CLANG_ENABLE_OBJC_WEAK = YES;
				CLANG_WARN_BLOCK_CAPTURE_AUTORELEASING = YES;
				CLANG_WARN_BOOL_CONVERSION = YES;
				CLANG_WARN_COMMA = YES;
				CLANG_WARN_CONSTANT_CONVERSION = YES;
				CLANG_WARN_DEPRECATED_OBJC_IMPLEMENTATIONS = YES;
				CLANG_WARN_DIRECT_OBJC_ISA_USAGE = YES_ERROR;
				CLANG_WARN_DOCUMENTATION_COMMENTS = YES;
				CLANG_WARN_EMPTY_BODY = YES;
				CLANG_WARN_ENUM_CONVERSION = YES;
				CLANG_WARN_INFINITE_RECURSION = YES;
				CLANG_WARN_INT_CONVERSION = YES;
				CLANG_WARN_NON_LITERAL_NULL_CONVERSION = YES;
				CLANG_WARN_OBJC_IMPLICIT_RETAIN_SELF = YES;
				CLANG_WARN_OBJC_LITERAL_CONVERSION = YES;
				CLANG_WARN_OBJC_ROOT_CLASS = YES_ERROR;
				CLANG_WARN_QUOTED_INCLUDE_IN_FRAMEWORK_HEADER = YES;
				CLANG_WARN_RANGE_LOOP_ANALYSIS = YES;
				CLANG_WARN_STRICT_PROTOTYPES = YES;
				CLANG_WARN_SUSPICIOUS_MOVE = YES;
				CLANG_WARN_UNGUARDED_AVAILABILITY = YES_AGGRESSIVE;
				CLANG_WARN_UNREACHABLE_CODE = YES;
				CLANG_WARN__DUPLICATE_METHOD_MATCH = YES;
				COPY_PHASE_STRIP = NO;
				DEBUG_INFORMATION_FORMAT = dwarf;
				ENABLE_STRICT_OBJC_MSGSEND = YES;
				ENABLE_TESTABILITY = YES;
				ENABLE_USER_SCRIPT_SANDBOXING = YES;
				GCC_C_LANGUAGE_STANDARD = gnu17;
				GCC_DYNAMIC_NO_PIC = NO;
				GCC_NO_COMMON_BLOCKS = YES;
				GCC_OPTIMIZATION_LEVEL = 0;
				GCC_PREPROCESSOR_DEFINITIONS = (
					"DEBUG=1",
					"$(inherited)",
				);
				GCC_WARN_64_TO_32_BIT_CONVERSION = YES;
				GCC_WARN_ABOUT_RETURN_TYPE = YES_ERROR;
				GCC_WARN_UNDECLARED_SELECTOR = YES;
				GCC_WARN_UNINITIALIZED_AUTOS = YES_AGGRESSIVE;
				GCC_WARN_UNUSED_FUNCTION = YES;
				GCC_WARN_UNUSED_VARIABLE = YES;
				IPHONEOS_DEPLOYMENT_TARGET = 17.5;
				LOCALIZATION_PREFERS_STRING_CATALOGS = YES;
				MTL_ENABLE_DEBUG_INFO = INCLUDE_SOURCE;
				MTL_FAST_MATH = YES;
				ONLY_ACTIVE_ARCH = YES;
				SDKROOT = iphoneos;
				SWIFT_ACTIVE_COMPILATION_CONDITIONS = "DEBUG $(inherited)";
				SWIFT_OPTIMIZATION_LEVEL = "-Onone";
			};
			name = Debug;
		};
		A04AF08D2D6D260700E76721 /* Release */ = {
			isa = XCBuildConfiguration;
			buildSettings = {
				ALWAYS_SEARCH_USER_PATHS = NO;
				ASSETCATALOG_COMPILER_GENERATE_SWIFT_ASSET_SYMBOL_EXTENSIONS = YES;
				CLANG_ANALYZER_NONNULL = YES;
				CLANG_ANALYZER_NUMBER_OBJECT_CONVERSION = YES_AGGRESSIVE;
				CLANG_CXX_LANGUAGE_STANDARD = "gnu++20";
				CLANG_ENABLE_MODULES = YES;
				CLANG_ENABLE_OBJC_ARC = YES;
				CLANG_ENABLE_OBJC_WEAK = YES;
				CLANG_WARN_BLOCK_CAPTURE_AUTORELEASING = YES;
				CLANG_WARN_BOOL_CONVERSION = YES;
				CLANG_WARN_COMMA = YES;
				CLANG_WARN_CONSTANT_CONVERSION = YES;
				CLANG_WARN_DEPRECATED_OBJC_IMPLEMENTATIONS = YES;
				CLANG_WARN_DIRECT_OBJC_ISA_USAGE = YES_ERROR;
				CLANG_WARN_DOCUMENTATION_COMMENTS = YES;
				CLANG_WARN_EMPTY_BODY = YES;
				CLANG_WARN_ENUM_CONVERSION = YES;
				CLANG_WARN_INFINITE_RECURSION = YES;
				CLANG_WARN_INT_CONVERSION = YES;
				CLANG_WARN_NON_LITERAL_NULL_CONVERSION = YES;
				CLANG_WARN_OBJC_IMPLICIT_RETAIN_SELF = YES;
				CLANG_WARN_OBJC_LITERAL_CONVERSION = YES;
				CLANG_WARN_OBJC_ROOT_CLASS = YES_ERROR;
				CLANG_WARN_QUOTED_INCLUDE_IN_FRAMEWORK_HEADER = YES;
				CLANG_WARN_RANGE_LOOP_ANALYSIS = YES;
				CLANG_WARN_STRICT_PROTOTYPES = YES;
				CLANG_WARN_SUSPICIOUS_MOVE = YES;
				CLANG_WARN_UNGUARDED_AVAILABILITY = YES_AGGRESSIVE;
				CLANG_WARN_UNREACHABLE_CODE = YES;
				CLANG_WARN__DUPLICATE_METHOD_MATCH = YES;
				COPY_PHASE_STRIP = NO;
				DEBUG_INFORMATION_FORMAT = "dwarf-with-dsym";
				ENABLE_NS_ASSERTIONS = NO;
				ENABLE_STRICT_OBJC_MSGSEND = YES;
				ENABLE_USER_SCRIPT_SANDBOXING = YES;
				GCC_C_LANGUAGE_STANDARD = gnu17;
				GCC_NO_COMMON_BLOCKS = YES;
				GCC_WARN_64_TO_32_BIT_CONVERSION = YES;
				GCC_WARN_ABOUT_RETURN_TYPE = YES_ERROR;
				GCC_WARN_UNDECLARED_SELECTOR = YES;
				GCC_WARN_UNINITIALIZED_AUTOS = YES_AGGRESSIVE;
				GCC_WARN_UNUSED_FUNCTION = YES;
				GCC_WARN_UNUSED_VARIABLE = YES;
				IPHONEOS_DEPLOYMENT_TARGET = 17.5;
				LOCALIZATION_PREFERS_STRING_CATALOGS = YES;
				MTL_ENABLE_DEBUG_INFO = NO;
				MTL_FAST_MATH = YES;
				SDKROOT = iphoneos;
				SWIFT_COMPILATION_MODE = wholemodule;
				VALIDATE_PRODUCT = YES;
			};
			name = Release;
		};
		A04AF08F2D6D260700E76721 /* Debug */ = {
			isa = XCBuildConfiguration;
			buildSettings = {
				ASSETCATALOG_COMPILER_APPICON_NAME = AppIcon;
				ASSETCATALOG_COMPILER_GLOBAL_ACCENT_COLOR_NAME = AccentColor;
				CODE_SIGN_STYLE = Automatic;
				CURRENT_PROJECT_VERSION = 1;
				DEVELOPMENT_ASSET_PATHS = "\"Filmlog/Preview Content\"";
				DEVELOPMENT_TEAM = JJ58423M9Z;
				ENABLE_PREVIEWS = YES;
				GENERATE_INFOPLIST_FILE = YES;
				INFOPLIST_KEY_UIApplicationSceneManifest_Generation = YES;
				INFOPLIST_KEY_UIApplicationSupportsIndirectInputEvents = YES;
				INFOPLIST_KEY_UILaunchScreen_Generation = YES;
				INFOPLIST_KEY_UISupportedInterfaceOrientations_iPad = "UIInterfaceOrientationPortrait UIInterfaceOrientationPortraitUpsideDown UIInterfaceOrientationLandscapeLeft UIInterfaceOrientationLandscapeRight";
				INFOPLIST_KEY_UISupportedInterfaceOrientations_iPhone = "UIInterfaceOrientationPortrait UIInterfaceOrientationLandscapeLeft UIInterfaceOrientationLandscapeRight";
				LD_RUNPATH_SEARCH_PATHS = (
					"$(inherited)",
					"@executable_path/Frameworks",
				);
				MARKETING_VERSION = 1.0;
				PRODUCT_BUNDLE_IDENTIFIER = come.brendandileo.dev.Filmlog;
				PRODUCT_NAME = "$(TARGET_NAME)";
				SWIFT_EMIT_LOC_STRINGS = YES;
				SWIFT_VERSION = 5.0;
				TARGETED_DEVICE_FAMILY = "1,2";
			};
			name = Debug;
		};
		A04AF0902D6D260700E76721 /* Release */ = {
			isa = XCBuildConfiguration;
			buildSettings = {
				ASSETCATALOG_COMPILER_APPICON_NAME = AppIcon;
				ASSETCATALOG_COMPILER_GLOBAL_ACCENT_COLOR_NAME = AccentColor;
				CODE_SIGN_STYLE = Automatic;
				CURRENT_PROJECT_VERSION = 1;
				DEVELOPMENT_ASSET_PATHS = "\"Filmlog/Preview Content\"";
				DEVELOPMENT_TEAM = JJ58423M9Z;
				ENABLE_PREVIEWS = YES;
				GENERATE_INFOPLIST_FILE = YES;
				INFOPLIST_KEY_UIApplicationSceneManifest_Generation = YES;
				INFOPLIST_KEY_UIApplicationSupportsIndirectInputEvents = YES;
				INFOPLIST_KEY_UILaunchScreen_Generation = YES;
				INFOPLIST_KEY_UISupportedInterfaceOrientations_iPad = "UIInterfaceOrientationPortrait UIInterfaceOrientationPortraitUpsideDown UIInterfaceOrientationLandscapeLeft UIInterfaceOrientationLandscapeRight";
				INFOPLIST_KEY_UISupportedInterfaceOrientations_iPhone = "UIInterfaceOrientationPortrait UIInterfaceOrientationLandscapeLeft UIInterfaceOrientationLandscapeRight";
				LD_RUNPATH_SEARCH_PATHS = (
					"$(inherited)",
					"@executable_path/Frameworks",
				);
				MARKETING_VERSION = 1.0;
				PRODUCT_BUNDLE_IDENTIFIER = come.brendandileo.dev.Filmlog;
				PRODUCT_NAME = "$(TARGET_NAME)";
				SWIFT_EMIT_LOC_STRINGS = YES;
				SWIFT_VERSION = 5.0;
				TARGETED_DEVICE_FAMILY = "1,2";
			};
			name = Release;
		};
		A04AF0922D6D260700E76721 /* Debug */ = {
			isa = XCBuildConfiguration;
			buildSettings = {
				ALWAYS_EMBED_SWIFT_STANDARD_LIBRARIES = YES;
				BUNDLE_LOADER = "$(TEST_HOST)";
				CODE_SIGN_STYLE = Automatic;
				CURRENT_PROJECT_VERSION = 1;
				DEVELOPMENT_TEAM = JJ58423M9Z;
				GENERATE_INFOPLIST_FILE = YES;
				IPHONEOS_DEPLOYMENT_TARGET = 17.5;
				MARKETING_VERSION = 1.0;
				PRODUCT_BUNDLE_IDENTIFIER = come.brendandileo.dev.FilmlogTests;
				PRODUCT_NAME = "$(TARGET_NAME)";
				SWIFT_EMIT_LOC_STRINGS = NO;
				SWIFT_VERSION = 5.0;
				TARGETED_DEVICE_FAMILY = "1,2";
				TEST_HOST = "$(BUILT_PRODUCTS_DIR)/Filmlog.app/$(BUNDLE_EXECUTABLE_FOLDER_PATH)/Filmlog";
			};
			name = Debug;
		};
		A04AF0932D6D260700E76721 /* Release */ = {
			isa = XCBuildConfiguration;
			buildSettings = {
				ALWAYS_EMBED_SWIFT_STANDARD_LIBRARIES = YES;
				BUNDLE_LOADER = "$(TEST_HOST)";
				CODE_SIGN_STYLE = Automatic;
				CURRENT_PROJECT_VERSION = 1;
				DEVELOPMENT_TEAM = JJ58423M9Z;
				GENERATE_INFOPLIST_FILE = YES;
				IPHONEOS_DEPLOYMENT_TARGET = 17.5;
				MARKETING_VERSION = 1.0;
				PRODUCT_BUNDLE_IDENTIFIER = come.brendandileo.dev.FilmlogTests;
				PRODUCT_NAME = "$(TARGET_NAME)";
				SWIFT_EMIT_LOC_STRINGS = NO;
				SWIFT_VERSION = 5.0;
				TARGETED_DEVICE_FAMILY = "1,2";
				TEST_HOST = "$(BUILT_PRODUCTS_DIR)/Filmlog.app/$(BUNDLE_EXECUTABLE_FOLDER_PATH)/Filmlog";
			};
			name = Release;
		};
		A04AF0952D6D260700E76721 /* Debug */ = {
			isa = XCBuildConfiguration;
			buildSettings = {
				ALWAYS_EMBED_SWIFT_STANDARD_LIBRARIES = YES;
				CODE_SIGN_STYLE = Automatic;
				CURRENT_PROJECT_VERSION = 1;
				DEVELOPMENT_TEAM = JJ58423M9Z;
				GENERATE_INFOPLIST_FILE = YES;
				MARKETING_VERSION = 1.0;
				PRODUCT_BUNDLE_IDENTIFIER = come.brendandileo.dev.FilmlogUITests;
				PRODUCT_NAME = "$(TARGET_NAME)";
				SWIFT_EMIT_LOC_STRINGS = NO;
				SWIFT_VERSION = 5.0;
				TARGETED_DEVICE_FAMILY = "1,2";
				TEST_TARGET_NAME = Filmlog;
			};
			name = Debug;
		};
		A04AF0962D6D260700E76721 /* Release */ = {
			isa = XCBuildConfiguration;
			buildSettings = {
				ALWAYS_EMBED_SWIFT_STANDARD_LIBRARIES = YES;
				CODE_SIGN_STYLE = Automatic;
				CURRENT_PROJECT_VERSION = 1;
				DEVELOPMENT_TEAM = JJ58423M9Z;
				GENERATE_INFOPLIST_FILE = YES;
				MARKETING_VERSION = 1.0;
				PRODUCT_BUNDLE_IDENTIFIER = come.brendandileo.dev.FilmlogUITests;
				PRODUCT_NAME = "$(TARGET_NAME)";
				SWIFT_EMIT_LOC_STRINGS = NO;
				SWIFT_VERSION = 5.0;
				TARGETED_DEVICE_FAMILY = "1,2";
				TEST_TARGET_NAME = Filmlog;
			};
			name = Release;
		};
/* End XCBuildConfiguration section */

/* Begin XCConfigurationList section */
		A04AF0652D6D260500E76721 /* Build configuration list for PBXProject "Filmlog" */ = {
			isa = XCConfigurationList;
			buildConfigurations = (
				A04AF08C2D6D260700E76721 /* Debug */,
				A04AF08D2D6D260700E76721 /* Release */,
			);
			defaultConfigurationIsVisible = 0;
			defaultConfigurationName = Release;
		};
		A04AF08E2D6D260700E76721 /* Build configuration list for PBXNativeTarget "Filmlog" */ = {
			isa = XCConfigurationList;
			buildConfigurations = (
				A04AF08F2D6D260700E76721 /* Debug */,
				A04AF0902D6D260700E76721 /* Release */,
			);
			defaultConfigurationIsVisible = 0;
			defaultConfigurationName = Release;
		};
		A04AF0912D6D260700E76721 /* Build configuration list for PBXNativeTarget "FilmlogTests" */ = {
			isa = XCConfigurationList;
			buildConfigurations = (
				A04AF0922D6D260700E76721 /* Debug */,
				A04AF0932D6D260700E76721 /* Release */,
			);
			defaultConfigurationIsVisible = 0;
			defaultConfigurationName = Release;
		};
		A04AF0942D6D260700E76721 /* Build configuration list for PBXNativeTarget "FilmlogUITests" */ = {
			isa = XCConfigurationList;
			buildConfigurations = (
				A04AF0952D6D260700E76721 /* Debug */,
				A04AF0962D6D260700E76721 /* Release */,
			);
			defaultConfigurationIsVisible = 0;
			defaultConfigurationName = Release;
		};
/* End XCConfigurationList section */
	};
	rootObject = A04AF0622D6D260500E76721 /* Project object */;
}
